
Microsoft Visual Studio Solution File, Format Version 12.00
# Visual Studio Version 16
VisualStudioVersion = 16.0.31019.35
MinimumVisualStudioVersion = 10.0.40219.1
Project("{FAE04EC0-301F-11D3-BF4B-00C04F79EFBC}") = "ing-PDF-Reader", "ing-PDF-Reader.csproj", "{5FBE42DB-EF96-4AAE-AAC7-A780137360AF}"
EndProject
Global
	GlobalSection(SolutionConfigurationPlatforms) = preSolution
		Debug|Any CPU = Debug|Any CPU
		Release|Any CPU = Release|Any CPU
	EndGlobalSection
	GlobalSection(ProjectConfigurationPlatforms) = postSolution
		{5FBE42DB-EF96-4AAE-AAC7-A780137360AF}.Debug|Any CPU.ActiveCfg = Debug|Any CPU
		{5FBE42DB-EF96-4AAE-AAC7-A780137360AF}.Debug|Any CPU.Build.0 = Debug|Any CPU
		{5FBE42DB-EF96-4AAE-AAC7-A780137360AF}.Release|Any CPU.ActiveCfg = Release|Any CPU
		{5FBE42DB-EF96-4AAE-AAC7-A780137360AF}.Release|Any CPU.Build.0 = Release|Any CPU
	EndGlobalSection
	GlobalSection(SolutionProperties) = preSolution
		HideSolutionNode = FALSE
	EndGlobalSection
	GlobalSection(ExtensibilityGlobals) = postSolution
		SolutionGuid = {070C2E3A-522B-4468-AA4E-67A9CEBFDAFC}
	EndGlobalSection
EndGlobal
